<?xml version="1.0" encoding="utf-8"?>
<Project ToolsVersion="4.0" xmlns="http://schemas.microsoft.com/developer/msbuild/2003">
  <ItemGroup>
    <Filter Include="utils">
      <UniqueIdentifier>{4874f672-1808-434e-934a-46361d6d0128}</UniqueIdentifier>
    </Filter>
    <Filter Include="ambuild">
      <UniqueIdentifier>{7cb22332-2dbb-467a-ae7d-3189611538b2}</UniqueIdentifier>
    </Filter>
    <Filter Include="sdk">
      <UniqueIdentifier>{e92cbd1d-49d8-4361-8e42-9cd422cb267c}</UniqueIdentifier>
    </Filter>
    <Filter Include="gamedata">
      <UniqueIdentifier>{859a3fdc-a985-4237-92f7-4a6780bf1857}</UniqueIdentifier>
    </Filter>
  </ItemGroup>
  <ItemGroup>
    <ClInclude Include="utils\module.h">
      <Filter>utils</Filter>
    </ClInclude>
    <ClInclude Include="utils\plat.h">
      <Filter>utils</Filter>
    </ClInclude>
    <ClInclude Include="utils\plat_win.h">
      <Filter>utils</Filter>
    </ClInclude>
    <ClInclude Include="common.h" />
    <ClInclude Include="addresses.h" />
    <ClInclude Include="gameconfig.h" />
    <ClInclude Include="cs2sigpatcher.h" />
    <ClInclude Include="mempatch.h" />
    <ClInclude Include="cdetour.h" />
    <ClInclude Include="detours.h" />
    <ClInclude Include="sdk\schema.h">
      <Filter>sdk</Filter>
    </ClInclude>
    <ClInclude Include="sdk\entity\cbaseentity.h">
      <Filter>sdk</Filter>
    </ClInclude>
    <ClInclude Include="sdk\entity\ctriggerpush.h">
      <Filter>sdk</Filter>
    </ClInclude>
    <ClInclude Include="serversideclient.h" />
    <ClInclude Include="clientframe.h" />
    <ClInclude Include="netmessages.h" />
    <ClInclude Include="sdk\entity\ccollisionproperty.h">
      <Filter>sdk</Filter>
    </ClInclude>
    <ClInclude Include="sdk\entity\globaltypes.h">
      <Filter>sdk</Filter>
    </ClInclude>
    <ClInclude Include="utils\virtual.h">
      <Filter>utils</Filter>
    </ClInclude>
    <ClInclude Include="sdk\entity\cbasetrigger.h">
      <Filter>sdk</Filter>
    </ClInclude>
    <ClInclude Include="sdk\entity\cbasemodelentity.h">
      <Filter>sdk</Filter>
    </ClInclude>
  </ItemGroup>
  <ItemGroup>
    <ClCompile Include="utils\plat_unix.cpp">
      <Filter>utils</Filter>
    </ClCompile>
    <ClCompile Include="utils\plat_win.cpp">
      <Filter>utils</Filter>
    </ClCompile>
    <ClCompile Include="gameconfig.cpp" />
    <ClCompile Include="mempatch.cpp" />
    <ClCompile Include="addresses.cpp" />
    <ClCompile Include="cs2sigpatcher.cpp" />
    <ClCompile Include="detours.cpp" />
    <ClCompile Include="sdk\schema.cpp">
      <Filter>sdk</Filter>
    </ClCompile>
  </ItemGroup>
  <ItemGroup>
    <None Include="AMBuilder">
      <Filter>ambuild</Filter>
    </None>
    <None Include="AMBuildScript">
      <Filter>ambuild</Filter>
    </None>
    <None Include="configure.py">
      <Filter>ambuild</Filter>
    </None>
    <None Include="PackageScript">
      <Filter>ambuild</Filter>
    </None>
  </ItemGroup>
  <ItemGroup>
    <Text Include="gamedata\cs2sigpatcher.games.txt">
      <Filter>gamedata</Filter>
    </Text>
  </ItemGroup>
</Project>